
Microsoft Visual Studio Solution File, Format Version 12.00
# Visual Studio 15
VisualStudioVersion = 15.0.26730.12
MinimumVisualStudioVersion = 10.0.40219.1
Project("{FAE04EC0-301F-11D3-BF4B-00C04F79EFBC}") = "CheeseMVC", "CheeseMVC\CheeseMVC.csproj", "{644364D4-0775-4E3C-9D1C-DAB3EDAEE3CB}"
EndProject
Global
	GlobalSection(SolutionConfigurationPlatforms) = preSolution
		Debug|Any CPU = Debug|Any CPU
		Release|Any CPU = Release|Any CPU
	EndGlobalSection
	GlobalSection(ProjectConfigurationPlatforms) = postSolution
		{644364D4-0775-4E3C-9D1C-DAB3EDAEE3CB}.Debug|Any CPU.ActiveCfg = Debug|Any CPU
		{644364D4-0775-4E3C-9D1C-DAB3EDAEE3CB}.Debug|Any CPU.Build.0 = Debug|Any CPU
		{644364D4-0775-4E3C-9D1C-DAB3EDAEE3CB}.Release|Any CPU.ActiveCfg = Release|Any CPU
		{644364D4-0775-4E3C-9D1C-DAB3EDAEE3CB}.Release|Any CPU.Build.0 = Release|Any CPU
	EndGlobalSection
	GlobalSection(SolutionProperties) = preSolution
		HideSolutionNode = FALSE
	EndGlobalSection
	GlobalSection(ExtensibilityGlobals) = postSolution
		SolutionGuid = {4E2DDD31-DBC5-43F4-BBFD-D82B5D1991AA}
	EndGlobalSection
EndGlobal
